
Microsoft Visual Studio Solution File, Format Version 12.00
Project("{FAE04EC0-301F-11D3-BF4B-00C04F79EFBC}") = "Tsuki-Runtime", "Tsuki-Runtime\Tsuki-Runtime.csproj", "{CD6BFA86-1DAE-4E6D-99EA-7EED02389F2B}"
EndProject
Project("{FAE04EC0-301F-11D3-BF4B-00C04F79EFBC}") = "Tsuki-Editor", "Tsuki-Editor\Tsuki-Editor.csproj", "{514403C5-C91E-441F-9B99-8732947A6238}"
EndProject
Project("{2150E333-8FDC-42A3-9474-1A3956D46DE8}") = "Scripts", "Scripts", "{993B59BB-9737-4452-8471-581F198B3148}"
ProjectSection(SolutionItems) = preProject
	Scripts\load.bat = Scripts\load.bat
	Scripts\pack.bat = Scripts\pack.bat
EndProjectSection
EndProject
Project("{2150E333-8FDC-42A3-9474-1A3956D46DE8}") = "Root", "Root", "{2359B599-F85D-483A-8FC5-6971D97DC9D4}"
ProjectSection(SolutionItems) = preProject
	README.md = README.md
	LICENSE.md = LICENSE.md
	Lunari.Tsuki.Suite.props = Lunari.Tsuki.Suite.props
EndProjectSection
EndProject
Project("{2150E333-8FDC-42A3-9474-1A3956D46DE8}") = "Assets", "Assets", "{2A82C834-4836-426C-A41E-A3AB6FC399E5}"
ProjectSection(SolutionItems) = preProject
	Tsuki-Assets\128w\TsukiLogo_Black_128px.png = Tsuki-Assets\128w\TsukiLogo_Black_128px.png
	Tsuki-Assets\128w\TsukiLogo_White_128px.png = Tsuki-Assets\128w\TsukiLogo_White_128px.png
	Tsuki-Assets\1x\TsukiLogo_Black_Original.png = Tsuki-Assets\1x\TsukiLogo_Black_Original.png
	Tsuki-Assets\1x\TsukiLogo_White_Original.png = Tsuki-Assets\1x\TsukiLogo_White_Original.png
	Tsuki-Assets\SVG\TsukiLogo_Black_SVG.svg = Tsuki-Assets\SVG\TsukiLogo_Black_SVG.svg
	Tsuki-Assets\SVG\TsukiLogo_White_SVG.svg = Tsuki-Assets\SVG\TsukiLogo_White_SVG.svg
	Tsuki-Assets\Logo.ai = Tsuki-Assets\Logo.ai
EndProjectSection
EndProject
Global
	GlobalSection(SolutionConfigurationPlatforms) = preSolution
		Debug|Any CPU = Debug|Any CPU
		Release|Any CPU = Release|Any CPU
	EndGlobalSection
	GlobalSection(ProjectConfigurationPlatforms) = postSolution
		{CD6BFA86-1DAE-4E6D-99EA-7EED02389F2B}.Debug|Any CPU.ActiveCfg = Debug|Any CPU
		{CD6BFA86-1DAE-4E6D-99EA-7EED02389F2B}.Debug|Any CPU.Build.0 = Debug|Any CPU
		{CD6BFA86-1DAE-4E6D-99EA-7EED02389F2B}.Release|Any CPU.ActiveCfg = Release|Any CPU
		{CD6BFA86-1DAE-4E6D-99EA-7EED02389F2B}.Release|Any CPU.Build.0 = Release|Any CPU
		{514403C5-C91E-441F-9B99-8732947A6238}.Debug|Any CPU.ActiveCfg = Debug|Any CPU
		{514403C5-C91E-441F-9B99-8732947A6238}.Debug|Any CPU.Build.0 = Debug|Any CPU
		{514403C5-C91E-441F-9B99-8732947A6238}.Release|Any CPU.ActiveCfg = Release|Any CPU
		{514403C5-C91E-441F-9B99-8732947A6238}.Release|Any CPU.Build.0 = Release|Any CPU
	EndGlobalSection
EndGlobal
