
Microsoft Visual Studio Solution File, Format Version 12.00
Project("{FAE04EC0-301F-11D3-BF4B-00C04F79EFBC}") = "UnityUtilities", "UnityUtilities\UnityUtilities.csproj", "{CD6BFA86-1DAE-4E6D-99EA-7EED02389F2B}"
EndProject
Project("{FAE04EC0-301F-11D3-BF4B-00C04F79EFBC}") = "UnityEditorUtilities", "UnityEditorUtilities\UnityEditorUtilities.csproj", "{514403C5-C91E-441F-9B99-8732947A6238}"
EndProject
Global
	GlobalSection(SolutionConfigurationPlatforms) = preSolution
		Debug|Any CPU = Debug|Any CPU
		Release|Any CPU = Release|Any CPU
	EndGlobalSection
	GlobalSection(ProjectConfigurationPlatforms) = postSolution
		{CD6BFA86-1DAE-4E6D-99EA-7EED02389F2B}.Debug|Any CPU.ActiveCfg = Debug|Any CPU
		{CD6BFA86-1DAE-4E6D-99EA-7EED02389F2B}.Debug|Any CPU.Build.0 = Debug|Any CPU
		{CD6BFA86-1DAE-4E6D-99EA-7EED02389F2B}.Release|Any CPU.ActiveCfg = Release|Any CPU
		{CD6BFA86-1DAE-4E6D-99EA-7EED02389F2B}.Release|Any CPU.Build.0 = Release|Any CPU
		{514403C5-C91E-441F-9B99-8732947A6238}.Debug|Any CPU.ActiveCfg = Debug|Any CPU
		{514403C5-C91E-441F-9B99-8732947A6238}.Debug|Any CPU.Build.0 = Debug|Any CPU
		{514403C5-C91E-441F-9B99-8732947A6238}.Release|Any CPU.ActiveCfg = Release|Any CPU
		{514403C5-C91E-441F-9B99-8732947A6238}.Release|Any CPU.Build.0 = Release|Any CPU
	EndGlobalSection
EndGlobal
